
Microsoft Visual Studio Solution File, Format Version 12.00
# Visual Studio 2017
Project("{FAE04EC0-301F-11D3-BF4B-00C04F79EFBC}") = "RA_AnimalsV2", "RA_AnimalsV2.csproj", "{4EB22142-D3C6-BF94-01AC-3F408806EE0C}"
EndProject
Project("{FAE04EC0-301F-11D3-BF4B-00C04F79EFBC}") = "RA_AnimalsV2.Editor", "RA_AnimalsV2.Editor.csproj", "{5B7F4857-1ADA-FEA9-2858-44FBDAAE4669}"
EndProject
Global
	GlobalSection(SolutionConfigurationPlatforms) = preSolution
		Debug|Any CPU = Debug|Any CPU
		Release|Any CPU = Release|Any CPU
	EndGlobalSection
	GlobalSection(ProjectConfigurationPlatforms) = postSolution
		{4EB22142-D3C6-BF94-01AC-3F408806EE0C}.Debug|Any CPU.ActiveCfg = Debug|Any CPU
		{4EB22142-D3C6-BF94-01AC-3F408806EE0C}.Debug|Any CPU.Build.0 = Debug|Any CPU
		{4EB22142-D3C6-BF94-01AC-3F408806EE0C}.Release|Any CPU.ActiveCfg = Release|Any CPU
		{4EB22142-D3C6-BF94-01AC-3F408806EE0C}.Release|Any CPU.Build.0 = Release|Any CPU
		{5B7F4857-1ADA-FEA9-2858-44FBDAAE4669}.Debug|Any CPU.ActiveCfg = Debug|Any CPU
		{5B7F4857-1ADA-FEA9-2858-44FBDAAE4669}.Debug|Any CPU.Build.0 = Debug|Any CPU
		{5B7F4857-1ADA-FEA9-2858-44FBDAAE4669}.Release|Any CPU.ActiveCfg = Release|Any CPU
		{5B7F4857-1ADA-FEA9-2858-44FBDAAE4669}.Release|Any CPU.Build.0 = Release|Any CPU
	EndGlobalSection
	GlobalSection(SolutionProperties) = preSolution
		HideSolutionNode = FALSE
	EndGlobalSection
EndGlobal
