
Microsoft Visual Studio Solution File, Format Version 12.00
# Visual Studio 2017
Project("{FAE04EC0-301F-11D3-BF4B-00C04F79EFBC}") = "RA_Animals - Copie", "RA_Animals - Copie.csproj", "{80CC157D-F90B-1799-2088-052D4CF91A12}"
EndProject
Project("{FAE04EC0-301F-11D3-BF4B-00C04F79EFBC}") = "RA_Animals - Copie.Editor", "RA_Animals - Copie.Editor.csproj", "{1870C0B1-BE1B-8F36-79C1-8E0C3AB848B1}"
EndProject
Global
	GlobalSection(SolutionConfigurationPlatforms) = preSolution
		Debug|Any CPU = Debug|Any CPU
		Release|Any CPU = Release|Any CPU
	EndGlobalSection
	GlobalSection(ProjectConfigurationPlatforms) = postSolution
		{80CC157D-F90B-1799-2088-052D4CF91A12}.Debug|Any CPU.ActiveCfg = Debug|Any CPU
		{80CC157D-F90B-1799-2088-052D4CF91A12}.Debug|Any CPU.Build.0 = Debug|Any CPU
		{80CC157D-F90B-1799-2088-052D4CF91A12}.Release|Any CPU.ActiveCfg = Release|Any CPU
		{80CC157D-F90B-1799-2088-052D4CF91A12}.Release|Any CPU.Build.0 = Release|Any CPU
		{1870C0B1-BE1B-8F36-79C1-8E0C3AB848B1}.Debug|Any CPU.ActiveCfg = Debug|Any CPU
		{1870C0B1-BE1B-8F36-79C1-8E0C3AB848B1}.Debug|Any CPU.Build.0 = Debug|Any CPU
		{1870C0B1-BE1B-8F36-79C1-8E0C3AB848B1}.Release|Any CPU.ActiveCfg = Release|Any CPU
		{1870C0B1-BE1B-8F36-79C1-8E0C3AB848B1}.Release|Any CPU.Build.0 = Release|Any CPU
	EndGlobalSection
	GlobalSection(SolutionProperties) = preSolution
		HideSolutionNode = FALSE
	EndGlobalSection
EndGlobal
