
Microsoft Visual Studio Solution File, Format Version 12.00
# Visual Studio 2017
Project("{FAE04EC0-301F-11D3-BF4B-00C04F79EFBC}") = "RA_AnimalsV4", "RA_AnimalsV4.csproj", "{63BC6D14-FF53-2129-F4EF-661B1EF4DB1F}"
EndProject
Project("{FAE04EC0-301F-11D3-BF4B-00C04F79EFBC}") = "RA_AnimalsV4.Editor", "RA_AnimalsV4.Editor.csproj", "{804E409E-4903-FD44-855D-B9F1F718650D}"
EndProject
Global
	GlobalSection(SolutionConfigurationPlatforms) = preSolution
		Debug|Any CPU = Debug|Any CPU
		Release|Any CPU = Release|Any CPU
	EndGlobalSection
	GlobalSection(ProjectConfigurationPlatforms) = postSolution
		{63BC6D14-FF53-2129-F4EF-661B1EF4DB1F}.Debug|Any CPU.ActiveCfg = Debug|Any CPU
		{63BC6D14-FF53-2129-F4EF-661B1EF4DB1F}.Debug|Any CPU.Build.0 = Debug|Any CPU
		{63BC6D14-FF53-2129-F4EF-661B1EF4DB1F}.Release|Any CPU.ActiveCfg = Release|Any CPU
		{63BC6D14-FF53-2129-F4EF-661B1EF4DB1F}.Release|Any CPU.Build.0 = Release|Any CPU
		{804E409E-4903-FD44-855D-B9F1F718650D}.Debug|Any CPU.ActiveCfg = Debug|Any CPU
		{804E409E-4903-FD44-855D-B9F1F718650D}.Debug|Any CPU.Build.0 = Debug|Any CPU
		{804E409E-4903-FD44-855D-B9F1F718650D}.Release|Any CPU.ActiveCfg = Release|Any CPU
		{804E409E-4903-FD44-855D-B9F1F718650D}.Release|Any CPU.Build.0 = Release|Any CPU
	EndGlobalSection
	GlobalSection(SolutionProperties) = preSolution
		HideSolutionNode = FALSE
	EndGlobalSection
EndGlobal
